
Microsoft Visual Studio Solution File, Format Version 12.00
# Visual Studio Version 16
VisualStudioVersion = 16.0.31313.79
MinimumVisualStudioVersion = 10.0.40219.1
Project("{9A19103F-16F7-4668-BE54-9A1E7A4F7556}") = "TwitterClone.Models", "TwitterClone.Models\TwitterClone.Models.csproj", "{B18ADB87-DB30-483B-93D1-16F3CA7B8D17}"
EndProject
Project("{9A19103F-16F7-4668-BE54-9A1E7A4F7556}") = "TwitterClone.Services", "TwitterClone.Services\TwitterClone.Services.csproj", "{E80D29AB-FE3F-4F3B-BD74-8840C1E9DE2A}"
EndProject
Project("{9A19103F-16F7-4668-BE54-9A1E7A4F7556}") = "TwitterClone.Tests", "TwitterClone.Tests\TwitterClone.Tests.csproj", "{859F300A-7D76-4D45-8B89-3AB7B2382305}"
EndProject
Project("{FAE04EC0-301F-11D3-BF4B-00C04F79EFBC}") = "TwitterClone.ASP", "TwitterClone.ASP\TwitterClone.ASP.csproj", "{9118E18D-B9F6-4247-BA17-FE659A9B2731}"
EndProject
Global
	GlobalSection(SolutionConfigurationPlatforms) = preSolution
		Debug|Any CPU = Debug|Any CPU
		Release|Any CPU = Release|Any CPU
	EndGlobalSection
	GlobalSection(ProjectConfigurationPlatforms) = postSolution
		{B18ADB87-DB30-483B-93D1-16F3CA7B8D17}.Debug|Any CPU.ActiveCfg = Debug|Any CPU
		{B18ADB87-DB30-483B-93D1-16F3CA7B8D17}.Debug|Any CPU.Build.0 = Debug|Any CPU
		{B18ADB87-DB30-483B-93D1-16F3CA7B8D17}.Release|Any CPU.ActiveCfg = Release|Any CPU
		{B18ADB87-DB30-483B-93D1-16F3CA7B8D17}.Release|Any CPU.Build.0 = Release|Any CPU
		{E80D29AB-FE3F-4F3B-BD74-8840C1E9DE2A}.Debug|Any CPU.ActiveCfg = Debug|Any CPU
		{E80D29AB-FE3F-4F3B-BD74-8840C1E9DE2A}.Debug|Any CPU.Build.0 = Debug|Any CPU
		{E80D29AB-FE3F-4F3B-BD74-8840C1E9DE2A}.Release|Any CPU.ActiveCfg = Release|Any CPU
		{E80D29AB-FE3F-4F3B-BD74-8840C1E9DE2A}.Release|Any CPU.Build.0 = Release|Any CPU
		{859F300A-7D76-4D45-8B89-3AB7B2382305}.Debug|Any CPU.ActiveCfg = Debug|Any CPU
		{859F300A-7D76-4D45-8B89-3AB7B2382305}.Debug|Any CPU.Build.0 = Debug|Any CPU
		{859F300A-7D76-4D45-8B89-3AB7B2382305}.Release|Any CPU.ActiveCfg = Release|Any CPU
		{859F300A-7D76-4D45-8B89-3AB7B2382305}.Release|Any CPU.Build.0 = Release|Any CPU
		{9118E18D-B9F6-4247-BA17-FE659A9B2731}.Debug|Any CPU.ActiveCfg = Debug|Any CPU
		{9118E18D-B9F6-4247-BA17-FE659A9B2731}.Debug|Any CPU.Build.0 = Debug|Any CPU
		{9118E18D-B9F6-4247-BA17-FE659A9B2731}.Release|Any CPU.ActiveCfg = Release|Any CPU
		{9118E18D-B9F6-4247-BA17-FE659A9B2731}.Release|Any CPU.Build.0 = Release|Any CPU
	EndGlobalSection
	GlobalSection(SolutionProperties) = preSolution
		HideSolutionNode = FALSE
	EndGlobalSection
	GlobalSection(ExtensibilityGlobals) = postSolution
		SolutionGuid = {528A5E9E-C6E6-4A00-B307-67F0EEA0EE0C}
	EndGlobalSection
EndGlobal
